Microsoft Visual Studio Solution File, Format Version 12.00
# Visual Studio Version 17
VisualStudioVersion = 17.5.2.0
MinimumVisualStudioVersion = 10.0.40219.1
Project("{FAE04EC0-301F-11D3-BF4B-00C04F79EFBC}") = "Homecare", "Homecare\Homecare.csproj", "{09DF75E8-15E5-FD4C-F2BF-99D7A90910BE}"
EndProject
Global
	GlobalSection(SolutionConfigurationPlatforms) = preSolution
		Debug|Any CPU = Debug|Any CPU
		Release|Any CPU = Release|Any CPU
	EndGlobalSection
	GlobalSection(ProjectConfigurationPlatforms) = postSolution
		{09DF75E8-15E5-FD4C-F2BF-99D7A90910BE}.Debug|Any CPU.ActiveCfg = Debug|Any CPU
		{09DF75E8-15E5-FD4C-F2BF-99D7A90910BE}.Debug|Any CPU.Build.0 = Debug|Any CPU
		{09DF75E8-15E5-FD4C-F2BF-99D7A90910BE}.Release|Any CPU.ActiveCfg = Release|Any CPU
		{09DF75E8-15E5-FD4C-F2BF-99D7A90910BE}.Release|Any CPU.Build.0 = Release|Any CPU
	EndGlobalSection
	GlobalSection(SolutionProperties) = preSolution
		HideSolutionNode = FALSE
	EndGlobalSection
	GlobalSection(ExtensibilityGlobals) = postSolution
		SolutionGuid = {7DA1A61C-5963-46D5-93BF-974053903BBB}
	EndGlobalSection
EndGlobal
